# This file is automatically @generated by Poetry and should not be changed by hand.

[[package]]
name = "braceexpand"
version = "0.1.7"
description = "Bash-style brace expansion for Python"
category = "main"
optional = false
python-versions = "*"
files = [
    {file = "braceexpand-0.1.7-py2.py3-none-any.whl", hash = "sha256:91332d53de7828103dcae5773fb43bc34950b0c8160e35e0f44c4427a3b85014"},
    {file = "braceexpand-0.1.7.tar.gz", hash = "sha256:e6e539bd20eaea53547472ff94f4fb5c3d3bf9d0a89388c4b56663aba765f705"},
]

[[package]]
name = "prepare-toolbox"
version = "0.2.0"
description = "Toolbox containing helper functions for prepare-assignment actions"
category = "main"
optional = false
python-versions = ">=3.8,<4.0"
files = [
    {file = "prepare_toolbox-0.2.0-py3-none-any.whl", hash = "sha256:598d940274623326ae50b285b7234cf1251aa30cd55ad5215198bc3004115b12"},
    {file = "prepare_toolbox-0.2.0.tar.gz", hash = "sha256:a7a5e3c523dd5359ce3bb8353fa900f29794a2b07396dd2654e1ca7f1c94a6ca"},
]

[package.dependencies]
braceexpand = ">=0.1.7,<0.2.0"

[metadata]
lock-version = "2.0"
python-versions = "^3.8"
content-hash = "edd661462b5cb7bca9bfc4d1ea1b202eef4d10b3e9b9bc3b34ca8ec9ee4e0f2c"
