# This file is automatically @generated by Poetry 1.5.1 and should not be changed by hand.

[[package]]
name = "prepare-toolbox"
version = "0.3.0"
description = "Toolbox containing helper functions for prepare-assignment actions"
optional = false
python-versions = "*"
files = []
develop = true

[package.source]
type = "directory"
url = "../../toolbox"

[metadata]
lock-version = "2.0"
python-versions = "^3.8"
content-hash = "6360bdb838264fbd31ea0cecf154454440c15fa830fe64efb32d71b09b13b347"
